
Microsoft Visual Studio Solution File, Format Version 12.00
# Visual Studio Version 16
VisualStudioVersion = 16.0.30711.63
MinimumVisualStudioVersion = 10.0.40219.1
Project("{FAE04EC0-301F-11D3-BF4B-00C04F79EFBC}") = "SolidDemos", "SolidDemos\SolidDemos.csproj", "{23DDC3C1-C55B-4E92-B82E-9DA5850C7CC0}"
EndProject
Global
	GlobalSection(SolutionConfigurationPlatforms) = preSolution
		Debug|Any CPU = Debug|Any CPU
		Release|Any CPU = Release|Any CPU
	EndGlobalSection
	GlobalSection(ProjectConfigurationPlatforms) = postSolution
		{23DDC3C1-C55B-4E92-B82E-9DA5850C7CC0}.Debug|Any CPU.ActiveCfg = Debug|Any CPU
		{23DDC3C1-C55B-4E92-B82E-9DA5850C7CC0}.Debug|Any CPU.Build.0 = Debug|Any CPU
		{23DDC3C1-C55B-4E92-B82E-9DA5850C7CC0}.Release|Any CPU.ActiveCfg = Release|Any CPU
		{23DDC3C1-C55B-4E92-B82E-9DA5850C7CC0}.Release|Any CPU.Build.0 = Release|Any CPU
	EndGlobalSection
	GlobalSection(SolutionProperties) = preSolution
		HideSolutionNode = FALSE
	EndGlobalSection
	GlobalSection(ExtensibilityGlobals) = postSolution
		SolutionGuid = {7B654A9D-FAD0-4BD5-A7D4-DD9E7842B858}
	EndGlobalSection
EndGlobal
